# This file is autogenerated, do not edit; changes may be undone by the next 'dep ensure'.


[[projects]]
  digest = "1:458c53ff6ad6a0c7145bdd157bd691ab7c0eba7fffd346298efd48866af30bf0"
  name = "cloud.google.com/go"
  packages = ["compute/metadata"]
  pruneopts = ""
  revision = "c728a003b238b26cef9ab6753a5dc424b331c3ad"
  version = "v0.27.0"

[[projects]]
  digest = "1:b341fb465b057e991b166d073b35a224f5a84228e5ef7e40b4da7a70c152e7ec"
  name = "github.com/Azure/azure-sdk-for-go"
  packages = ["arm/dns"]
  pruneopts = ""
  revision = "2629e2dfcfeab50896230140542c3b9d89b35ae1"
  version = "v10.0.4-beta"

[[projects]]
  digest = "1:864b922e212906b8dde79ec79ab3ec1b559107e864285e121a14bdeb4bd38f57"
  name = "github.com/Azure/go-autorest"
  packages = [
    "autorest",
    "autorest/adal",
    "autorest/azure",
    "autorest/date",
    "autorest/to",
  ]
  pruneopts = ""
  revision = "4de44cd533576f3c7b44dcb08dc03754d217144d"
  version = "v10.9.2"

[[projects]]
  digest = "1:2840683aa0e9980689f85bf48b2a56ec7a108fd089f12af8ea7d98c172819589"
  name = "github.com/alecthomas/kingpin"
  packages = ["."]
  pruneopts = ""
  revision = "947dcec5ba9c011838740e680966fd7087a71d0d"
  version = "v2.2.6"

[[projects]]
  branch = "master"
  digest = "1:1399282ad03ac819f0e8a747c888407c5c98bb497d33821a7047c7bae667ede0"
  name = "github.com/alecthomas/template"
  packages = [
    ".",
    "parse",
  ]
  pruneopts = ""
  revision = "a0175ee3bccc567396460bf5acd36800cb10c49c"

[[projects]]
  branch = "master"
  digest = "1:8483994d21404c8a1d489f6be756e25bfccd3b45d65821f25695577791a08e68"
  name = "github.com/alecthomas/units"
  packages = ["."]
  pruneopts = ""
  revision = "2efee857e7cfd4f3d0138cc3cbb1b4966962b93a"

[[projects]]
  digest = "1:7b6c017b0290ccf1dd98c47a51e1db8b72b0863b6c7c52ddaa5a0d894aa3c2fc"
  name = "github.com/aliyun/alibaba-cloud-sdk-go"
  packages = [
    "sdk",
    "sdk/auth",
    "sdk/auth/credentials",
    "sdk/auth/signers",
    "sdk/endpoints",
    "sdk/errors",
    "sdk/requests",
    "sdk/responses",
    "sdk/utils",
    "services/alidns",
    "services/pvtz",
  ]
  pruneopts = ""
  revision = "cad214d7d71fba7883fcf3b7e550ba782c15b400"
  version = "1.27.7"

[[projects]]
  digest = "1:423efdf5964ebc8f89b45e3db47a93ff2432f243abf5b88cb588dd23236ad31f"
  name = "github.com/aws/aws-sdk-go"
  packages = [
    "aws",
    "aws/awserr",
    "aws/awsutil",
    "aws/client",
    "aws/client/metadata",
    "aws/corehandlers",
    "aws/credentials",
    "aws/credentials/ec2rolecreds",
    "aws/credentials/endpointcreds",
    "aws/credentials/stscreds",
    "aws/defaults",
    "aws/ec2metadata",
    "aws/endpoints",
    "aws/request",
    "aws/session",
    "aws/signer/v4",
    "internal/sdkio",
    "internal/sdkrand",
    "internal/shareddefaults",
    "private/protocol",
    "private/protocol/json/jsonutil",
    "private/protocol/jsonrpc",
    "private/protocol/query",
    "private/protocol/query/queryutil",
    "private/protocol/rest",
    "private/protocol/restxml",
    "private/protocol/xml/xmlutil",
    "service/route53",
    "service/servicediscovery",
    "service/sts",
  ]
  pruneopts = ""
  revision = "5197757a58a794d49d2d0c50a932997157734100"
  version = "v1.13.60"

[[projects]]
  branch = "master"
  digest = "1:fca298802a2ab834d6eb0e284788ae037ebc324c0f325ff92c5eea592d189cc5"
  name = "github.com/beorn7/perks"
  packages = ["quantile"]
  pruneopts = ""
  revision = "3a771d992973f24aa725d07868b467d1ddfceafb"

[[projects]]
  digest = "1:d9d9c71f9776ef8f15b5c0a20246d5303071294743863ac3f4dde056f8c7b40a"
  name = "github.com/cloudflare/cloudflare-go"
  packages = ["."]
  pruneopts = ""
  revision = "4c6994ac3877fbb627766edadc67f4e816e8c890"
  version = "v0.7.4"

[[projects]]
  digest = "1:b51c799cc22a94d9adef8d16923a8c59c50a7863766b5e0b834e6599deb09656"
  name = "github.com/coreos/etcd"
  packages = [
    "client",
    "pkg/pathutil",
    "pkg/srv",
    "pkg/types",
    "version",
  ]
  pruneopts = ""
  revision = "420a452267a7ce45b3fcbed04d54030d69964fc1"
  version = "v3.2.24"

[[projects]]
  digest = "1:3c3f68ebab415344aef64363d23471e953a4715645115604aaf57923ae904f5e"
  name = "github.com/coreos/go-semver"
  packages = ["semver"]
  pruneopts = ""
  revision = "8ab6407b697782a06568d4b7f1db25550ec2e4c6"
  version = "v0.2.0"

[[projects]]
  digest = "1:9266e031a5977527595a04e4e5d44edef92f384e04f29eebbd77be3c09c78918"
  name = "github.com/davecgh/go-spew"
  packages = ["spew"]
  pruneopts = ""
  revision = "8991bc29aa16c548c550c7ff78260e27b9ab7c73"
  version = "v1.1.1"

[[projects]]
  branch = "master"
  digest = "1:7516fe0752ad31ac841d81da546fe392edd0c0d129c0de3198e5ba13bf43cb82"
  name = "github.com/denverdino/aliyungo"
  packages = [
    "metadata",
    "util",
  ]
  pruneopts = ""
  revision = "d0f89c4f4600bd34169798d49423c6234298cc86"

[[projects]]
  digest = "1:2426da75f49e5b8507a6ed5d4c49b06b2ff795f4aec401c106b7db8fb2625cd7"
  name = "github.com/dgrijalva/jwt-go"
  packages = ["."]
  pruneopts = ""
  revision = "06ea1031745cb8b3dab3f6a236daf2b0aa468b7e"
  version = "v3.2.0"

[[projects]]
  digest = "1:3b084a642119093e8755050e27d1f891af1ec67059d8ff09b652879b13063295"
  name = "github.com/digitalocean/godo"
  packages = [
    ".",
    "context",
  ]
  pruneopts = ""
  revision = "7a32b5ce17203924a21366d5031032fd326d5051"
  version = "v1.1.3"

[[projects]]
  digest = "1:ca3b228bf258217cff2070f4045e53729886c66a27bf9cce30dcbf8a575ea86a"
  name = "github.com/dnsimple/dnsimple-go"
  packages = ["dnsimple"]
  pruneopts = ""
  revision = "d1105abc03b313d7b8d9b04364f6bd053b346e59"
  version = "v0.14.0"

[[projects]]
  digest = "1:6643d8f70f99450289ddd4f916fb2e652f76a01de6d9ea3cbb66100d59b4ee2f"
  name = "github.com/exoscale/egoscale"
  packages = ["."]
  pruneopts = ""
  revision = "75679aec43da978108777e263e4e8ecab9549c7f"
  version = "v0.11.3"

[[projects]]
  branch = "master"
  digest = "1:f6e8171e15b4bde2daadbdf2fb46591097b85a506ae32bd11b85319c50426960"
  name = "github.com/ffledgling/pdns-go"
  packages = ["."]
  pruneopts = ""
  revision = "776a5f54ece7c437948d0d4dfdf2f07e9d136a05"

[[projects]]
  digest = "1:b13707423743d41665fd23f0c36b2f37bb49c30e94adb813319c44188a51ba22"
  name = "github.com/ghodss/yaml"
  packages = ["."]
  pruneopts = ""
  revision = "0ca9ea5df5451ffdf184b4428c902747c2c11cd7"
  version = "v1.0.0"

[[projects]]
  digest = "1:4d5221853226d8d4be594d52d885ddde38170d2e3159b82ed92ecde4dded2304"
  name = "github.com/go-ini/ini"
  packages = ["."]
  pruneopts = ""
  revision = "5cf292cae48347c2490ac1a58fe36735fb78df7e"
  version = "v1.38.2"

[[projects]]
  digest = "1:f5a93446528c9ecf36b134a359b81f4ce29dd0495b025e98cc316e67cf3433d0"
  name = "github.com/go-resty/resty"
  packages = ["."]
  pruneopts = ""
  revision = "d4920dcf5b7689548a6db640278a9b35a5b48ec6"
  version = "v1.9.1"

[[projects]]
  digest = "1:673df1d02ca0c6f51458fe94bbb6fae0b05e54084a31db2288f1c4321255c2da"
  name = "github.com/gogo/protobuf"
  packages = [
    "proto",
    "sortkeys",
  ]
  pruneopts = ""
  revision = "636bf0302bc95575d69441b25a2603156ffdddf1"
  version = "v1.1.1"

[[projects]]
  branch = "master"
  digest = "1:107b233e45174dbab5b1324201d092ea9448e58243ab9f039e4c0f332e121e3a"
  name = "github.com/golang/glog"
  packages = ["."]
  pruneopts = ""
  revision = "23def4e6c14b4da8ac2ed8007337bc5eb5007998"

[[projects]]
  digest = "1:815d45503dceeca8ffecce0081d7edeae5e75b126107ef763d1c617154d72359"
  name = "github.com/golang/protobuf"
  packages = [
    "proto",
    "ptypes",
    "ptypes/any",
    "ptypes/duration",
    "ptypes/timestamp",
  ]
  pruneopts = ""
  revision = "aa810b61a9c79d51363740d207bb46cf8e620ed5"
  version = "v1.2.0"

[[projects]]
  branch = "master"
  digest = "1:1e5b1e14524ed08301977b7b8e10c719ed853cbf3f24ecb66fae783a46f207a6"
  name = "github.com/google/btree"
  packages = ["."]
  pruneopts = ""
  revision = "4030bb1f1f0c35b30ca7009e9ebd06849dd45306"

[[projects]]
  branch = "master"
  digest = "1:9abc49f39e3e23e262594bb4fb70abf74c0c99e94f99153f43b143805e850719"
  name = "github.com/google/go-querystring"
  packages = ["query"]
  pruneopts = ""
  revision = "53e6ce116135b80d037921a7fdd5138cf32d7a8a"

[[projects]]
  branch = "master"
  digest = "1:754f77e9c839b24778a4b64422236d38515301d2baeb63113aa3edc42e6af692"
  name = "github.com/google/gofuzz"
  packages = ["."]
  pruneopts = ""
  revision = "24818f796faf91cd76ec7bddd72458fbced7a6c1"

[[projects]]
  digest = "1:1962b5d00f5285d08504697049627d45ad876912894528d31cdc1c05cdc853f6"
  name = "github.com/googleapis/gnostic"
  packages = [
    "OpenAPIv2",
    "compiler",
    "extensions",
  ]
  pruneopts = ""
  revision = "7c663266750e7d82587642f65e60bc4083f1f84e"
  version = "v0.2.0"

[[projects]]
  branch = "master"
  digest = "1:0a1e453ec2fd7e410284853ee516de33f23efd570e2eb0ec9b38d41cfc720090"
  name = "github.com/gophercloud/gophercloud"
  packages = [
    ".",
    "openstack",
    "openstack/dns/v2/recordsets",
    "openstack/dns/v2/zones",
    "openstack/identity/v2/tenants",
    "openstack/identity/v2/tokens",
    "openstack/identity/v3/tokens",
    "openstack/utils",
    "pagination",
  ]
  pruneopts = ""
  revision = "13af1c2a38cfbc60a7a13062338838301035d91d"

[[projects]]
  branch = "master"
  digest = "1:8c4d156acec272201ffc4d1bdb9302de1c48314e0451eb38c70150cf11bdb33a"
  name = "github.com/gregjones/httpcache"
  packages = [
    ".",
    "diskcache",
  ]
  pruneopts = ""
  revision = "9cad4c3443a7200dd6400aef47183728de563a38"

[[projects]]
  digest = "1:7ab38c15bd21e056e3115c8b526d201eaf74e0308da9370997c6b3c187115d36"
  name = "github.com/imdario/mergo"
  packages = ["."]
  pruneopts = ""
  revision = "9f23e2d6bd2a77f959b2bf6acdbefd708a83a4a4"
  version = "v0.3.6"

[[projects]]
  branch = "master"
  digest = "1:e0a13d0a368c028716e78448db972657b5292c7238d61405e8289f47c05c8706"
  name = "github.com/infobloxopen/infoblox-go-client"
  packages = ["."]
  pruneopts = ""
  revision = "61dc5f9b0a655ebf43026f0d8a837ad1e28e4b96"

[[projects]]
  digest = "1:4f767a115bc8e08576f6d38ab73c376fc1b1cd3bb5041171c9e8668cc7739b52"
  name = "github.com/jmespath/go-jmespath"
  packages = ["."]
  pruneopts = ""
  revision = "0b12d6b5"

[[projects]]
  digest = "1:78c8b7738bc04b822e6779c31f21b08c8662a0b78f42a1636f91fe6af3742038"
  name = "github.com/json-iterator/go"
  packages = ["."]
  pruneopts = ""
  revision = "1624edc4454b8682399def8740d46db5e4362ba4"
  version = "v1.1.5"

[[projects]]
  digest = "1:def40684a573560241c8344da452fa3574dfc2c7da525903992a3790d2262625"
  name = "github.com/kubernetes/repo-infra"
  packages = ["verify/boilerplate/test"]
  pruneopts = ""
  revision = "c2f9667a4c29e70a39b0e89db2d4f0cab907dbee"

[[projects]]
  digest = "1:c3aa5f9d5119ca1cfdaa41a5084e3deceef0460eef3e6c71b58fa50e500f01a0"
  name = "github.com/linki/instrumented_http"
  packages = ["."]
  pruneopts = ""
  revision = "508103cfb3b315fa9752b5bcd4fb2d97bbc26d89"
  version = "v0.2.0"

[[projects]]
  digest = "1:93d29291d0c37678592d77ee847031aec2ce1631f3ce4cf975b77216e8bd4a01"
  name = "github.com/linode/linodego"
  packages = ["."]
  pruneopts = ""
  revision = "7edbc87f0140b7561dbc20458877a56bdded5eb8"
  version = "v0.3.0"

[[projects]]
  digest = "1:49a8b01a6cd6558d504b65608214ca40a78000e1b343ed0da5c6a9ccd83d6d30"
  name = "github.com/matttproud/golang_protobuf_extensions"
  packages = ["pbutil"]
  pruneopts = ""
  revision = "c12348ce28de40eed0136aa2b644d0ee0650e56c"
  version = "v1.0.1"

[[projects]]
  digest = "1:f0bad0fece0fb73c6ea249c18d8e80ffbe86be0457715b04463068f04686cf39"
  name = "github.com/miekg/dns"
  packages = ["."]
  pruneopts = ""
  revision = "5a2b9fab83ff0f8bfc99684bd5f43a37abe560f1"
  version = "v1.0.8"

[[projects]]
  digest = "1:0c0ff2a89c1bb0d01887e1dac043ad7efbf3ec77482ef058ac423d13497e16fd"
  name = "github.com/modern-go/concurrent"
  packages = ["."]
  pruneopts = ""
  revision = "bacd9c7ef1dd9b15be4a9909b8ac7a4e313eec94"
  version = "1.0.3"

[[projects]]
  digest = "1:e32bdbdb7c377a07a9a46378290059822efdce5c8d96fe71940d87cb4f918855"
  name = "github.com/modern-go/reflect2"
  packages = ["."]
  pruneopts = ""
  revision = "4b7aa43c6742a2c18fdef89dd197aaae7dac7ccd"
  version = "1.0.1"

[[projects]]
  digest = "1:7aef6d4ad1b4a613d66ed554010c552a249e9afabcb079f54528a298474549cc"
  name = "github.com/nesv/go-dynect"
  packages = ["dynect"]
  pruneopts = ""
  revision = "cdd946344b54bdf7dbeac406c2f1fe93150f08ea"
  version = "v0.6.0"

[[projects]]
  digest = "1:2062e45c462d0327f680340dce46fe11ae2d34bf802e15e397cb1d6c4d159b39"
  name = "github.com/oracle/oci-go-sdk"
  packages = [
    "common",
    "dns",
  ]
  pruneopts = ""
  revision = "a2ded717dc4bb4916c0416ec79f81718b576dbc4"
  version = "v1.8.0"

[[projects]]
  branch = "master"
  digest = "1:b7be9a944fe102bf466420fa8a064534dd12547a0482f5b684d228425b559b56"
  name = "github.com/petar/GoLLRB"
  packages = ["llrb"]
  pruneopts = ""
  revision = "53be0d36a84c2a886ca057d34b6aa4468df9ccb4"

[[projects]]
  digest = "1:6db21ad64a13fe79220e47fcc895e13b8da923676a3a024f98210fca57a10d9a"
  name = "github.com/peterbourgon/diskv"
  packages = ["."]
  pruneopts = ""
  revision = "5f041e8faa004a95c88a202771f4cc3e991971e6"
  version = "v2.0.1"

[[projects]]
  digest = "1:7365acd48986e205ccb8652cc746f09c8b7876030d53710ea6ef7d0bd0dcd7ca"
  name = "github.com/pkg/errors"
  packages = ["."]
  pruneopts = ""
  revision = "645ef00459ed84a119197bfb8d8205042c6df63d"
  version = "v0.8.0"

[[projects]]
  digest = "1:256484dbbcd271f9ecebc6795b2df8cad4c458dd0f5fd82a8c2fa0c29f233411"
  name = "github.com/pmezard/go-difflib"
  packages = ["difflib"]
  pruneopts = ""
  revision = "792786c7400a136282c1664665ae0a8db921c6c2"
  version = "v1.0.0"

[[projects]]
  digest = "1:981835985f655d1d380cc6aa7d9fa9ad7abfaf40c75da200fd40d864cd05a7c3"
  name = "github.com/prometheus/client_golang"
  packages = [
    "prometheus",
    "prometheus/promhttp",
  ]
  pruneopts = ""
  revision = "c5b7fccd204277076155f10851dad72b76a49317"
  version = "v0.8.0"

[[projects]]
  branch = "master"
  digest = "1:562d53e436b244a9bb5c1ff43bcaf4882e007575d34ec37717b15751c65cc63a"
  name = "github.com/prometheus/client_model"
  packages = ["go"]
  pruneopts = ""
  revision = "5c3871d89910bfb32f5fcab2aa4b9ec68e65a99f"

[[projects]]
  branch = "master"
  digest = "1:8a871dca636f82a927daffe10e9866fee6aa97a215905d56e97ecc73c07d5d44"
  name = "github.com/prometheus/common"
  packages = [
    "expfmt",
    "internal/bitbucket.org/ww/goautoneg",
    "model",
  ]
  pruneopts = ""
  revision = "c7de2306084e37d54b8be01f3541a8464345e9a5"

[[projects]]
  branch = "master"
  digest = "1:7f298639cea3d8fe88aeefe6a7af1d642bca295cd125e172d320f57064c956c2"
  name = "github.com/prometheus/procfs"
  packages = [
    ".",
    "internal/util",
    "nfs",
    "xfs",
  ]
  pruneopts = ""
  revision = "05ee40e3a273f7245e8777337fc7b46e533a9a92"

[[projects]]
  digest = "1:7f569d906bdd20d906b606415b7d794f798f91a62fcfb6a4daa6d50690fb7a3f"
  name = "github.com/satori/go.uuid"
  packages = ["."]
  pruneopts = ""
  revision = "f58768cc1a7a7e77a3bd49e98cdd21419399b6a3"
  version = "v1.2.0"

[[projects]]
  digest = "1:2c38661f5fb038bfb95197e0e5bc7a8f050d1f992c5ddaa01945e58fe2ef00de"
  name = "github.com/sirupsen/logrus"
  packages = ["."]
  pruneopts = ""
  revision = "3e01752db0189b9157070a0e1668a620f9a85da2"
  version = "v1.0.6"

[[projects]]
  digest = "1:0a52bcb568386d98f4894575d53ce3e456f56471de6897bb8b9de13c33d9340e"
  name = "github.com/spf13/pflag"
  packages = ["."]
  pruneopts = ""
  revision = "9a97c102cda95a86cec2345a6f09f55a939babf5"
  version = "v1.0.2"

[[projects]]
  digest = "1:34062a2274daa6ec4d2f50d6070cc51cf4674d6d553ed76b406cb3425b9528e8"
  name = "github.com/stretchr/objx"
  packages = ["."]
  pruneopts = ""
  revision = "477a77ecc69700c7cdeb1fa9e129548e1c1c393c"
  version = "v0.1.1"

[[projects]]
  digest = "1:bc2a12c8863e1080226b7bc69192efd6c37aaa9b85cec508b0a8f54fabb9bd9f"
  name = "github.com/stretchr/testify"
  packages = [
    "assert",
    "mock",
    "require",
    "suite",
  ]
  pruneopts = ""
  revision = "f35b8ab0b5a2cef36673838d662e249dd9c94686"
  version = "v1.2.2"

[[projects]]
  branch = "master"
  digest = "1:81f435c83e3523a7ee3f277769727f73ca66218ca8188d96a0935a4841b47a76"
  name = "github.com/tent/http-link-go"
  packages = ["."]
  pruneopts = ""
  revision = "ac974c61c2f990f4115b119354b5e0b47550e888"

[[projects]]
  digest = "1:ccbc34f054a28f6326a237859395a8c4bd6bd5271196a87b79abc265406ea284"
  name = "github.com/ugorji/go"
  packages = ["codec"]
  pruneopts = ""
  revision = "b4c50a2b199d93b13dc15e78929cfb23bfdf21ab"
  version = "v1.1.1"

[[projects]]
  branch = "master"
  digest = "1:16db3d6f4f8bbe4b7b42cb8808e68457fea4bd7aea410b77c8c9a6dc26253a60"
  name = "golang.org/x/crypto"
  packages = [
    "ed25519",
    "ed25519/internal/edwards25519",
    "ssh/terminal",
  ]
  pruneopts = ""
  revision = "0709b304e793a5edb4a2c0145f281ecdc20838a4"

[[projects]]
  branch = "master"
  digest = "1:6a5a7b24df8b4d0263fb5d02ad2ddac16c73745fae60a56f4230175bf7162be5"
  name = "golang.org/x/net"
  packages = [
    "bpf",
    "context",
    "context/ctxhttp",
    "http/httpguts",
    "http2",
    "http2/hpack",
    "idna",
    "internal/iana",
    "internal/socket",
    "ipv4",
    "ipv6",
    "publicsuffix",
  ]
  pruneopts = ""
  revision = "8a410e7b638dca158bf9e766925842f6651ff828"

[[projects]]
  branch = "master"
  digest = "1:ae181e046572bff397421c415715120190004207493745fec4b385925dc13f6d"
  name = "golang.org/x/oauth2"
  packages = [
    ".",
    "google",
    "internal",
    "jws",
    "jwt",
  ]
  pruneopts = ""
  revision = "d2e6202438beef2727060aa7cabdd924d92ebfd9"

[[projects]]
  branch = "master"
  digest = "1:54bad0d07b2d834122adaf5ecc35e4df006a4e0bb6114f2466b73e2cc6f03583"
  name = "golang.org/x/sys"
  packages = [
    "unix",
    "windows",
  ]
  pruneopts = ""
  revision = "ebe1bf3edb3325c393447059974de898d5133eb8"

[[projects]]
  digest = "1:af9bfca4298ef7502c52b1459df274eed401a4f5498b900e9a92d28d3d87ac5a"
  name = "golang.org/x/text"
  packages = [
    "collate",
    "collate/build",
    "internal/colltab",
    "internal/gen",
    "internal/tag",
    "internal/triegen",
    "internal/ucd",
    "language",
    "secure/bidirule",
    "transform",
    "unicode/bidi",
    "unicode/cldr",
    "unicode/norm",
    "unicode/rangetable",
  ]
  pruneopts = ""
  revision = "f21a4dfb5e38f5895301dc265a8def02365cc3d0"
  version = "v0.3.0"

[[projects]]
  branch = "master"
  digest = "1:55a681cb66f28755765fa5fa5104cbd8dc85c55c02d206f9f89566451e3fe1aa"
  name = "golang.org/x/time"
  packages = ["rate"]
  pruneopts = ""
  revision = "fbb02b2291d28baffd63558aa44b4b56f178d650"

[[projects]]
  branch = "master"
  digest = "1:b9e2db1163da88e94c492f9b49369355effe1f10ce460d5d5c15826e861ab3d8"
  name = "google.golang.org/api"
  packages = [
    "dns/v1",
    "gensupport",
    "googleapi",
    "googleapi/internal/uritemplates",
  ]
  pruneopts = ""
  revision = "49a9310a91459e9e5d4187bfb5a591434de572f7"

[[projects]]
  digest = "1:eede11c81b63c8f6fd06ef24ba0a640dc077196ec9b7a58ecde03c82eee2f151"
  name = "google.golang.org/appengine"
  packages = [
    ".",
    "internal",
    "internal/app_identity",
    "internal/base",
    "internal/datastore",
    "internal/log",
    "internal/modules",
    "internal/remote_api",
    "internal/urlfetch",
    "urlfetch",
  ]
  pruneopts = ""
  revision = "b1f26356af11148e710935ed1ac8a7f5702c7612"
  version = "v1.1.0"

[[projects]]
  digest = "1:75fb3fcfc73a8c723efde7777b40e8e8ff9babf30d8c56160d01beffea8a95a6"
  name = "gopkg.in/inf.v0"
  packages = ["."]
  pruneopts = ""
  revision = "d2d2541c53f18d2a059457998ce2876cc8e67cbf"
  version = "v0.9.1"

[[projects]]
  digest = "1:f0620375dd1f6251d9973b5f2596228cc8042e887cd7f827e4220bc1ce8c30e2"
  name = "gopkg.in/yaml.v2"
  packages = ["."]
  pruneopts = ""
  revision = "5420a8b6744d3b0345ab293f6fcba19c978f1183"
  version = "v2.2.1"

[[projects]]
  branch = "master"
  digest = "1:23d27d4f16f55864064c0158f6434c47bb8f25147a7d4b7e0f481d7affb9f176"
  name = "k8s.io/api"
  packages = [
    "admissionregistration/v1alpha1",
    "admissionregistration/v1beta1",
    "apps/v1",
    "apps/v1beta1",
    "apps/v1beta2",
    "authentication/v1",
    "authentication/v1beta1",
    "authorization/v1",
    "authorization/v1beta1",
    "autoscaling/v1",
    "autoscaling/v2beta1",
    "batch/v1",
    "batch/v1beta1",
    "batch/v2alpha1",
    "certificates/v1beta1",
    "core/v1",
    "events/v1beta1",
    "extensions/v1beta1",
    "networking/v1",
    "policy/v1beta1",
    "rbac/v1",
    "rbac/v1alpha1",
    "rbac/v1beta1",
    "scheduling/v1alpha1",
    "scheduling/v1beta1",
    "settings/v1alpha1",
    "storage/v1",
    "storage/v1alpha1",
    "storage/v1beta1",
  ]
  pruneopts = ""
  revision = "012f271b5d41baad56190c5f1ae19bff16df0fd8"

[[projects]]
  branch = "master"
  digest = "1:b7cd39609747443ae01894e59c4257a6ed8b7189efa73e9baf6d9da6f2c6ec83"
  name = "k8s.io/apimachinery"
  packages = [
    "pkg/api/errors",
    "pkg/api/meta",
    "pkg/api/resource",
    "pkg/apis/meta/v1",
    "pkg/apis/meta/v1/unstructured",
    "pkg/apis/meta/v1beta1",
    "pkg/conversion",
    "pkg/conversion/queryparams",
    "pkg/fields",
    "pkg/labels",
    "pkg/runtime",
    "pkg/runtime/schema",
    "pkg/runtime/serializer",
    "pkg/runtime/serializer/json",
    "pkg/runtime/serializer/protobuf",
    "pkg/runtime/serializer/recognizer",
    "pkg/runtime/serializer/streaming",
    "pkg/runtime/serializer/versioning",
    "pkg/selection",
    "pkg/types",
    "pkg/util/clock",
    "pkg/util/errors",
    "pkg/util/framer",
    "pkg/util/intstr",
    "pkg/util/json",
    "pkg/util/mergepatch",
    "pkg/util/naming",
    "pkg/util/net",
    "pkg/util/runtime",
    "pkg/util/sets",
    "pkg/util/strategicpatch",
    "pkg/util/validation",
    "pkg/util/validation/field",
    "pkg/util/yaml",
    "pkg/version",
    "pkg/watch",
    "third_party/forked/golang/json",
    "third_party/forked/golang/reflect",
  ]
  pruneopts = ""
  revision = "6429050ef506887d121f3e7306e894f8900d8a63"

[[projects]]
  digest = "1:3c4611c2b28fdc62391698bba7f212050f0f9ed75f3648f37ec3bcf8a83bf96d"
  name = "k8s.io/client-go"
  packages = [
    "discovery",
    "discovery/fake",
    "kubernetes",
    "kubernetes/fake",
    "kubernetes/scheme",
    "kubernetes/typed/admissionregistration/v1alpha1",
    "kubernetes/typed/admissionregistration/v1alpha1/fake",
    "kubernetes/typed/admissionregistration/v1beta1",
    "kubernetes/typed/admissionregistration/v1beta1/fake",
    "kubernetes/typed/apps/v1",
    "kubernetes/typed/apps/v1/fake",
    "kubernetes/typed/apps/v1beta1",
    "kubernetes/typed/apps/v1beta1/fake",
    "kubernetes/typed/apps/v1beta2",
    "kubernetes/typed/apps/v1beta2/fake",
    "kubernetes/typed/authentication/v1",
    "kubernetes/typed/authentication/v1/fake",
    "kubernetes/typed/authentication/v1beta1",
    "kubernetes/typed/authentication/v1beta1/fake",
    "kubernetes/typed/authorization/v1",
    "kubernetes/typed/authorization/v1/fake",
    "kubernetes/typed/authorization/v1beta1",
    "kubernetes/typed/authorization/v1beta1/fake",
    "kubernetes/typed/autoscaling/v1",
    "kubernetes/typed/autoscaling/v1/fake",
    "kubernetes/typed/autoscaling/v2beta1",
    "kubernetes/typed/autoscaling/v2beta1/fake",
    "kubernetes/typed/batch/v1",
    "kubernetes/typed/batch/v1/fake",
    "kubernetes/typed/batch/v1beta1",
    "kubernetes/typed/batch/v1beta1/fake",
    "kubernetes/typed/batch/v2alpha1",
    "kubernetes/typed/batch/v2alpha1/fake",
    "kubernetes/typed/certificates/v1beta1",
    "kubernetes/typed/certificates/v1beta1/fake",
    "kubernetes/typed/core/v1",
    "kubernetes/typed/core/v1/fake",
    "kubernetes/typed/events/v1beta1",
    "kubernetes/typed/events/v1beta1/fake",
    "kubernetes/typed/extensions/v1beta1",
    "kubernetes/typed/extensions/v1beta1/fake",
    "kubernetes/typed/networking/v1",
    "kubernetes/typed/networking/v1/fake",
    "kubernetes/typed/policy/v1beta1",
    "kubernetes/typed/policy/v1beta1/fake",
    "kubernetes/typed/rbac/v1",
    "kubernetes/typed/rbac/v1/fake",
    "kubernetes/typed/rbac/v1alpha1",
    "kubernetes/typed/rbac/v1alpha1/fake",
    "kubernetes/typed/rbac/v1beta1",
    "kubernetes/typed/rbac/v1beta1/fake",
    "kubernetes/typed/scheduling/v1alpha1",
    "kubernetes/typed/scheduling/v1alpha1/fake",
    "kubernetes/typed/scheduling/v1beta1",
    "kubernetes/typed/scheduling/v1beta1/fake",
    "kubernetes/typed/settings/v1alpha1",
    "kubernetes/typed/settings/v1alpha1/fake",
    "kubernetes/typed/storage/v1",
    "kubernetes/typed/storage/v1/fake",
    "kubernetes/typed/storage/v1alpha1",
    "kubernetes/typed/storage/v1alpha1/fake",
    "kubernetes/typed/storage/v1beta1",
    "kubernetes/typed/storage/v1beta1/fake",
    "pkg/apis/clientauthentication",
    "pkg/apis/clientauthentication/v1alpha1",
    "pkg/apis/clientauthentication/v1beta1",
    "pkg/version",
    "plugin/pkg/client/auth",
    "plugin/pkg/client/auth/azure",
    "plugin/pkg/client/auth/exec",
    "plugin/pkg/client/auth/gcp",
    "plugin/pkg/client/auth/oidc",
    "plugin/pkg/client/auth/openstack",
    "rest",
    "rest/fake",
    "rest/watch",
    "testing",
    "third_party/forked/golang/template",
    "tools/auth",
    "tools/clientcmd",
    "tools/clientcmd/api",
    "tools/clientcmd/api/latest",
    "tools/clientcmd/api/v1",
    "tools/metrics",
    "tools/reference",
    "transport",
    "util/cert",
    "util/connrotation",
    "util/flowcontrol",
    "util/homedir",
    "util/integer",
    "util/jsonpath",
  ]
  pruneopts = ""
  revision = "7d04d0e2a0a1a4d4a1cd6baa432a2301492e4e65"
  version = "v8.0.0"

[[projects]]
  branch = "master"
  digest = "1:c5c576f648e159de43ee1a401cf5f66e3ad66308cab9d34ccd738aa2ef11c43d"
  name = "k8s.io/kube-openapi"
  packages = ["pkg/util/proto"]
  pruneopts = ""
  revision = "e3762e86a74c878ffed47484592986685639c2cd"

[solve-meta]
  analyzer-name = "dep"
  analyzer-version = 1
  input-imports = [
    "cloud.google.com/go/compute/metadata",
    "github.com/Azure/azure-sdk-for-go/arm/dns",
    "github.com/Azure/go-autorest/autorest",
    "github.com/Azure/go-autorest/autorest/adal",
    "github.com/Azure/go-autorest/autorest/azure",
    "github.com/Azure/go-autorest/autorest/to",
    "github.com/alecthomas/kingpin",
    "github.com/aliyun/alibaba-cloud-sdk-go/sdk/requests",
    "github.com/aliyun/alibaba-cloud-sdk-go/services/alidns",
    "github.com/aliyun/alibaba-cloud-sdk-go/services/pvtz",
    "github.com/aws/aws-sdk-go/aws",
    "github.com/aws/aws-sdk-go/aws/credentials/stscreds",
    "github.com/aws/aws-sdk-go/aws/request",
    "github.com/aws/aws-sdk-go/aws/session",
    "github.com/aws/aws-sdk-go/service/route53",
    "github.com/aws/aws-sdk-go/service/servicediscovery",
    "github.com/cloudflare/cloudflare-go",
    "github.com/coreos/etcd/client",
    "github.com/denverdino/aliyungo/metadata",
    "github.com/digitalocean/godo",
    "github.com/digitalocean/godo/context",
    "github.com/dnsimple/dnsimple-go/dnsimple",
    "github.com/exoscale/egoscale",
    "github.com/ffledgling/pdns-go",
    "github.com/gophercloud/gophercloud",
    "github.com/gophercloud/gophercloud/openstack",
    "github.com/gophercloud/gophercloud/openstack/dns/v2/recordsets",
    "github.com/gophercloud/gophercloud/openstack/dns/v2/zones",
    "github.com/gophercloud/gophercloud/pagination",
    "github.com/infobloxopen/infoblox-go-client",
    "github.com/kubernetes/repo-infra/verify/boilerplate/test",
    "github.com/linki/instrumented_http",
    "github.com/linode/linodego",
    "github.com/miekg/dns",
    "github.com/nesv/go-dynect/dynect",
    "github.com/oracle/oci-go-sdk/common",
    "github.com/oracle/oci-go-sdk/dns",
    "github.com/pkg/errors",
    "github.com/prometheus/client_golang/prometheus",
    "github.com/prometheus/client_golang/prometheus/promhttp",
    "github.com/sirupsen/logrus",
    "github.com/stretchr/testify/assert",
    "github.com/stretchr/testify/mock",
    "github.com/stretchr/testify/require",
    "github.com/stretchr/testify/suite",
    "golang.org/x/net/context",
    "golang.org/x/oauth2",
    "golang.org/x/oauth2/google",
    "google.golang.org/api/dns/v1",
    "google.golang.org/api/googleapi",
    "gopkg.in/yaml.v2",
    "k8s.io/api/core/v1",
    "k8s.io/api/extensions/v1beta1",
    "k8s.io/apimachinery/pkg/apis/meta/v1",
    "k8s.io/apimachinery/pkg/labels",
    "k8s.io/apimachinery/pkg/runtime",
    "k8s.io/apimachinery/pkg/runtime/schema",
    "k8s.io/apimachinery/pkg/runtime/serializer",
    "k8s.io/client-go/kubernetes",
    "k8s.io/client-go/kubernetes/fake",
    "k8s.io/client-go/plugin/pkg/client/auth",
    "k8s.io/client-go/rest",
    "k8s.io/client-go/rest/fake",
    "k8s.io/client-go/tools/clientcmd",
  ]
  solver-name = "gps-cdcl"
  solver-version = 1
