# @generated - this file is auto-generated by `mise lock` https://mise.jdx.dev/dev-tools/mise-lock.html

[[tools.go]]
version = "1.27.0"
backend = "core:go"

[tools.go."platforms.linux-arm64"]
checksum = "sha256:51798d2c42d0e1c6ed7fd9f48728b4193abac9e8aad6dbac2fe96a81f5909bda"
url = "https://dl.google.com/go/go1.27.0.linux-arm64.tar.gz"

[tools.go."platforms.linux-arm64-musl"]
checksum = "sha256:51798d2c42d0e1c6ed7fd9f48728b4193abac9e8aad6dbac2fe96a81f5909bda"
url = "https://dl.google.com/go/go1.27.0.linux-arm64.tar.gz"

[tools.go."platforms.linux-x64"]
checksum = "sha256:675c26c449cbb18fc24b74650de1eabbae6e16f64326fd85a283fb3b58280685"
url = "https://dl.google.com/go/go1.27.0.linux-amd64.tar.gz"

[tools.go."platforms.linux-x64-musl"]
checksum = "sha256:675c26c449cbb18fc24b74650de1eabbae6e16f64326fd85a283fb3b58280685"
url = "https://dl.google.com/go/go1.27.0.linux-amd64.tar.gz"

[tools.go."platforms.macos-arm64"]
checksum = "sha256:90493b3bbd5e10f91d12153198bf1994fd756399b4fec93b49b0c6e2acdeeb3e"
url = "https://dl.google.com/go/go1.27.0.darwin-arm64.tar.gz"

[tools.go."platforms.macos-x64"]
checksum = "sha256:d3314e25496e4381d71a5c51d2907e7af655d199f6780b549f015bd85fef4986"
url = "https://dl.google.com/go/go1.27.0.darwin-amd64.tar.gz"

[tools.go."platforms.windows-x64"]
checksum = "sha256:f0c0a0d33ba94f4d2c5dbc887334ce678b21813504ddb3aafcb06e60a5a667c4"
url = "https://dl.google.com/go/go1.27.0.windows-amd64.zip"

[[tools.golangci-lint]]
version = "2.13.2"
backend = "aqua:golangci/golangci-lint"

[tools.golangci-lint."platforms.linux-arm64"]
checksum = "sha256:a2a4e0065aa41be71f7c5ac90f271b61751331e5d04314e62afe4027855f0893"
url = "https://github.com/golangci/golangci-lint/releases/download/v2.13.2/golangci-lint-2.13.2-linux-arm64.tar.gz"
url_api = "https://api.github.com/repos/golangci/golangci-lint/releases/assets/532995442"
provenance = "github-attestations"

[tools.golangci-lint."platforms.linux-arm64-musl"]
checksum = "sha256:a2a4e0065aa41be71f7c5ac90f271b61751331e5d04314e62afe4027855f0893"
url = "https://github.com/golangci/golangci-lint/releases/download/v2.13.2/golangci-lint-2.13.2-linux-arm64.tar.gz"
url_api = "https://api.github.com/repos/golangci/golangci-lint/releases/assets/532995442"
provenance = "github-attestations"

[tools.golangci-lint."platforms.linux-x64"]
checksum = "sha256:2277d43b98ec0054280f2ac26b53268bae97682444678a59a657dd565da021d6"
url = "https://github.com/golangci/golangci-lint/releases/download/v2.13.2/golangci-lint-2.13.2-linux-amd64.tar.gz"
url_api = "https://api.github.com/repos/golangci/golangci-lint/releases/assets/532995333"
provenance = "github-attestations"

[tools.golangci-lint."platforms.linux-x64-musl"]
checksum = "sha256:2277d43b98ec0054280f2ac26b53268bae97682444678a59a657dd565da021d6"
url = "https://github.com/golangci/golangci-lint/releases/download/v2.13.2/golangci-lint-2.13.2-linux-amd64.tar.gz"
url_api = "https://api.github.com/repos/golangci/golangci-lint/releases/assets/532995333"
provenance = "github-attestations"

[tools.golangci-lint."platforms.macos-arm64"]
checksum = "sha256:f4bf83f0b64f055c42b28fc9a38861839f69c096e61c788e72dfaae412011789"
url = "https://github.com/golangci/golangci-lint/releases/download/v2.13.2/golangci-lint-2.13.2-darwin-arm64.tar.gz"
url_api = "https://api.github.com/repos/golangci/golangci-lint/releases/assets/532995398"
provenance = "github-attestations"

[tools.golangci-lint."platforms.macos-x64"]
checksum = "sha256:8a13aaf9cbbb1dee52824e862cf0d0720e5bb97c1f4260d1e51623a09492b57b"
url = "https://github.com/golangci/golangci-lint/releases/download/v2.13.2/golangci-lint-2.13.2-darwin-amd64.tar.gz"
url_api = "https://api.github.com/repos/golangci/golangci-lint/releases/assets/532995222"
provenance = "github-attestations"

[tools.golangci-lint."platforms.windows-x64"]
checksum = "sha256:4735fdc8e84a0cfb7a15a1c364a650942f88215e0d36c674ebc4024f7b554524"
url = "https://github.com/golangci/golangci-lint/releases/download/v2.13.2/golangci-lint-2.13.2-windows-amd64.zip"
url_api = "https://api.github.com/repos/golangci/golangci-lint/releases/assets/532995335"
provenance = "github-attestations"

[[tools.helm]]
version = "3.21.4"
backend = "aqua:helm/helm"

[tools.helm."platforms.linux-arm64"]
checksum = "sha256:b54c04b4e0b2540bbdc08c17a121dab70e9a2ed0de5705528fec68a5fd3b85a7"
url = "https://get.helm.sh/helm-v3.21.4-linux-arm64.tar.gz"

[tools.helm."platforms.linux-arm64-musl"]
checksum = "sha256:b54c04b4e0b2540bbdc08c17a121dab70e9a2ed0de5705528fec68a5fd3b85a7"
url = "https://get.helm.sh/helm-v3.21.4-linux-arm64.tar.gz"

[tools.helm."platforms.linux-x64"]
checksum = "sha256:61f88ab166748cb19604d7884cb100ae9ccb13804ddeb98e08af167eacbb6a14"
url = "https://get.helm.sh/helm-v3.21.4-linux-amd64.tar.gz"

[tools.helm."platforms.linux-x64-musl"]
checksum = "sha256:61f88ab166748cb19604d7884cb100ae9ccb13804ddeb98e08af167eacbb6a14"
url = "https://get.helm.sh/helm-v3.21.4-linux-amd64.tar.gz"

[tools.helm."platforms.macos-arm64"]
checksum = "sha256:6e0bf5eb6daafc2b1ec34bb5ba04ef103f3afc16192fb19805c2924d7ea1033f"
url = "https://get.helm.sh/helm-v3.21.4-darwin-arm64.tar.gz"

[tools.helm."platforms.macos-x64"]
checksum = "sha256:9173d05edf9592c6be1d0412ffafd935448dfc7a63c2bc732b8c67e55503e8a8"
url = "https://get.helm.sh/helm-v3.21.4-darwin-amd64.tar.gz"

[tools.helm."platforms.windows-x64"]
checksum = "sha256:cc9e4589d6f459a522eefc56b15636dd6e949f103de63bfb944f38d898609457"
url = "https://get.helm.sh/helm-v3.21.4-windows-amd64.tar.gz"

[[tools.helm-ct]]
version = "3.14.0"
backend = "aqua:helm/chart-testing"

[tools.helm-ct."platforms.linux-arm64"]
checksum = "sha256:7b035bbbd0768fba33983e81c15445e33e9c8281d329100852a342ecfd0b16b7"
url = "https://github.com/helm/chart-testing/releases/download/v3.14.0/chart-testing_3.14.0_linux_arm64.tar.gz"
url_api = "https://api.github.com/repos/helm/chart-testing/releases/assets/301945188"

[tools.helm-ct."platforms.linux-arm64-musl"]
checksum = "sha256:7b035bbbd0768fba33983e81c15445e33e9c8281d329100852a342ecfd0b16b7"
url = "https://github.com/helm/chart-testing/releases/download/v3.14.0/chart-testing_3.14.0_linux_arm64.tar.gz"
url_api = "https://api.github.com/repos/helm/chart-testing/releases/assets/301945188"

[tools.helm-ct."platforms.linux-x64"]
checksum = "sha256:d16f0583616885423826241164ce1f6589c6fe5332fa74f374ebd2bd3cb3fe1f"
url = "https://github.com/helm/chart-testing/releases/download/v3.14.0/chart-testing_3.14.0_linux_amd64.tar.gz"
url_api = "https://api.github.com/repos/helm/chart-testing/releases/assets/301945176"

[tools.helm-ct."platforms.linux-x64-musl"]
checksum = "sha256:d16f0583616885423826241164ce1f6589c6fe5332fa74f374ebd2bd3cb3fe1f"
url = "https://github.com/helm/chart-testing/releases/download/v3.14.0/chart-testing_3.14.0_linux_amd64.tar.gz"
url_api = "https://api.github.com/repos/helm/chart-testing/releases/assets/301945176"

[tools.helm-ct."platforms.macos-arm64"]
checksum = "sha256:db10dbbb42b110c7a5da5a3202908f32ad2ca6ad600d423426dc7886d09aad07"
url = "https://github.com/helm/chart-testing/releases/download/v3.14.0/chart-testing_3.14.0_darwin_arm64.tar.gz"
url_api = "https://api.github.com/repos/helm/chart-testing/releases/assets/301945187"

[tools.helm-ct."platforms.macos-x64"]
checksum = "sha256:6dbad5d05a357f6837764c0620c84e707c81189d6f5e9946643276848f5f7116"
url = "https://github.com/helm/chart-testing/releases/download/v3.14.0/chart-testing_3.14.0_darwin_amd64.tar.gz"
url_api = "https://api.github.com/repos/helm/chart-testing/releases/assets/301945185"

[tools.helm-ct."platforms.windows-x64"]
checksum = "sha256:0720a57213521a627d74cb2fe3da16197fd5c8dd382c01cdb0b20682a5df98d9"
url = "https://github.com/helm/chart-testing/releases/download/v3.14.0/chart-testing_3.14.0_windows_amd64.zip"
url_api = "https://api.github.com/repos/helm/chart-testing/releases/assets/301945177"

[[tools.helm-docs]]
version = "1.14.2"
backend = "aqua:norwoodj/helm-docs"

[tools.helm-docs."platforms.linux-arm64"]
checksum = "sha256:c3787212332386dcd122debef7848feb165aa701467ae3e3442df7638f3ac4e4"
url = "https://github.com/norwoodj/helm-docs/releases/download/v1.14.2/helm-docs_1.14.2_Linux_arm64.tar.gz"
url_api = "https://api.github.com/repos/norwoodj/helm-docs/releases/assets/178327216"

[tools.helm-docs."platforms.linux-arm64-musl"]
checksum = "sha256:c3787212332386dcd122debef7848feb165aa701467ae3e3442df7638f3ac4e4"
url = "https://github.com/norwoodj/helm-docs/releases/download/v1.14.2/helm-docs_1.14.2_Linux_arm64.tar.gz"
url_api = "https://api.github.com/repos/norwoodj/helm-docs/releases/assets/178327216"

[tools.helm-docs."platforms.linux-x64"]
checksum = "sha256:a8cf72ada34fad93285ba2a452b38bdc5bd52cc9a571236244ec31022928d6cc"
url = "https://github.com/norwoodj/helm-docs/releases/download/v1.14.2/helm-docs_1.14.2_Linux_x86_64.tar.gz"
url_api = "https://api.github.com/repos/norwoodj/helm-docs/releases/assets/178327210"

[tools.helm-docs."platforms.linux-x64-musl"]
checksum = "sha256:a8cf72ada34fad93285ba2a452b38bdc5bd52cc9a571236244ec31022928d6cc"
url = "https://github.com/norwoodj/helm-docs/releases/download/v1.14.2/helm-docs_1.14.2_Linux_x86_64.tar.gz"
url_api = "https://api.github.com/repos/norwoodj/helm-docs/releases/assets/178327210"

[tools.helm-docs."platforms.macos-arm64"]
checksum = "sha256:2d8399db5b33d240d5f8985241bcf5483563150b968e3229823822979f3e4b8b"
url = "https://github.com/norwoodj/helm-docs/releases/download/v1.14.2/helm-docs_1.14.2_Darwin_arm64.tar.gz"
url_api = "https://api.github.com/repos/norwoodj/helm-docs/releases/assets/178327215"

[tools.helm-docs."platforms.macos-x64"]
checksum = "sha256:b2f1ffd0feef8dc0901a38a2053481d1d67b63ca30da4ac774166c6b52fa2245"
url = "https://github.com/norwoodj/helm-docs/releases/download/v1.14.2/helm-docs_1.14.2_Darwin_x86_64.tar.gz"
url_api = "https://api.github.com/repos/norwoodj/helm-docs/releases/assets/178327211"

[tools.helm-docs."platforms.windows-x64"]
checksum = "sha256:3c54fd78d99e2769cf83a0faf12cf6cd4de1cac6ed7bee8d908a2c8fc23f538c"
url = "https://github.com/norwoodj/helm-docs/releases/download/v1.14.2/helm-docs_1.14.2_Windows_x86_64.tar.gz"
url_api = "https://api.github.com/repos/norwoodj/helm-docs/releases/assets/178327219"

[[tools.ko]]
version = "0.17.1"
backend = "aqua:ko-build/ko"

[tools.ko."platforms.linux-arm64"]
checksum = "sha256:9421ebe2a611bac846844bd34fed5c75fba7b36c8cb1d113ad8680c48f6106df"
url = "https://github.com/ko-build/ko/releases/download/v0.17.1/ko_0.17.1_Linux_arm64.tar.gz"
url_api = "https://api.github.com/repos/ko-build/ko/releases/assets/201574498"

[tools.ko."platforms.linux-arm64".provenance.slsa]
url = "https://github.com/ko-build/ko/releases/download/v0.17.1/multiple.intoto.jsonl"

[tools.ko."platforms.linux-arm64-musl"]
checksum = "sha256:9421ebe2a611bac846844bd34fed5c75fba7b36c8cb1d113ad8680c48f6106df"
url = "https://github.com/ko-build/ko/releases/download/v0.17.1/ko_0.17.1_Linux_arm64.tar.gz"
url_api = "https://api.github.com/repos/ko-build/ko/releases/assets/201574498"

[tools.ko."platforms.linux-arm64-musl".provenance.slsa]
url = "https://github.com/ko-build/ko/releases/download/v0.17.1/multiple.intoto.jsonl"

[tools.ko."platforms.linux-x64"]
checksum = "sha256:4f0b979b59880b3232f47d79c940f2279165aaad15a11d7614e8a2c9e5c78c29"
url = "https://github.com/ko-build/ko/releases/download/v0.17.1/ko_0.17.1_Linux_x86_64.tar.gz"
url_api = "https://api.github.com/repos/ko-build/ko/releases/assets/201574495"

[tools.ko."platforms.linux-x64".provenance.slsa]
url = "https://github.com/ko-build/ko/releases/download/v0.17.1/multiple.intoto.jsonl"

[tools.ko."platforms.linux-x64-musl"]
checksum = "sha256:4f0b979b59880b3232f47d79c940f2279165aaad15a11d7614e8a2c9e5c78c29"
url = "https://github.com/ko-build/ko/releases/download/v0.17.1/ko_0.17.1_Linux_x86_64.tar.gz"
url_api = "https://api.github.com/repos/ko-build/ko/releases/assets/201574495"

[tools.ko."platforms.linux-x64-musl".provenance.slsa]
url = "https://github.com/ko-build/ko/releases/download/v0.17.1/multiple.intoto.jsonl"

[tools.ko."platforms.macos-arm64"]
checksum = "sha256:d0b6bcc4f86c8d775688d1c21d416985ee557a85ad557c4a7d0e2d82b7cdbd92"
url = "https://github.com/ko-build/ko/releases/download/v0.17.1/ko_0.17.1_Darwin_arm64.tar.gz"
url_api = "https://api.github.com/repos/ko-build/ko/releases/assets/201574502"

[tools.ko."platforms.macos-arm64".provenance.slsa]
url = "https://github.com/ko-build/ko/releases/download/v0.17.1/multiple.intoto.jsonl"

[tools.ko."platforms.macos-x64"]
checksum = "sha256:888656c3f0028d4211654a9df57b003fe26f874b092776c83acace7aca8a73a4"
url = "https://github.com/ko-build/ko/releases/download/v0.17.1/ko_0.17.1_Darwin_x86_64.tar.gz"
url_api = "https://api.github.com/repos/ko-build/ko/releases/assets/201574504"

[tools.ko."platforms.macos-x64".provenance.slsa]
url = "https://github.com/ko-build/ko/releases/download/v0.17.1/multiple.intoto.jsonl"

[tools.ko."platforms.windows-x64"]
checksum = "sha256:ddf19c933d7c07533e08bc174f75ae5fc7f82a614be7a7bc37bc119fe19d6b5e"
url = "https://github.com/ko-build/ko/releases/download/v0.17.1/ko_0.17.1_Windows_x86_64.tar.gz"
url_api = "https://api.github.com/repos/ko-build/ko/releases/assets/201574500"

[tools.ko."platforms.windows-x64".provenance.slsa]
url = "https://github.com/ko-build/ko/releases/download/v0.17.1/multiple.intoto.jsonl"

[[tools.kube-controller-tools]]
version = "0.21.0"
backend = "github:kubernetes-sigs/controller-tools"

[tools.kube-controller-tools."platforms.linux-arm64"]
checksum = "sha256:1af64bb144658c61f1b61c6392e17d56dd4f7364497625613ff435d7e468f60b"
url = "https://github.com/kubernetes-sigs/controller-tools/releases/download/v0.21.0/controller-gen-linux-arm64"
url_api = "https://api.github.com/repos/kubernetes-sigs/controller-tools/releases/assets/413514955"

[tools.kube-controller-tools."platforms.linux-arm64-musl"]
checksum = "sha256:1af64bb144658c61f1b61c6392e17d56dd4f7364497625613ff435d7e468f60b"
url = "https://github.com/kubernetes-sigs/controller-tools/releases/download/v0.21.0/controller-gen-linux-arm64"
url_api = "https://api.github.com/repos/kubernetes-sigs/controller-tools/releases/assets/413514955"

[tools.kube-controller-tools."platforms.linux-x64"]
checksum = "sha256:3ec7994b7a41515a7ad8aef8e517429c0a78060df59d5587ac8662db6a8b035f"
url = "https://github.com/kubernetes-sigs/controller-tools/releases/download/v0.21.0/controller-gen-linux-amd64"
url_api = "https://api.github.com/repos/kubernetes-sigs/controller-tools/releases/assets/413514957"

[tools.kube-controller-tools."platforms.linux-x64-musl"]
checksum = "sha256:3ec7994b7a41515a7ad8aef8e517429c0a78060df59d5587ac8662db6a8b035f"
url = "https://github.com/kubernetes-sigs/controller-tools/releases/download/v0.21.0/controller-gen-linux-amd64"
url_api = "https://api.github.com/repos/kubernetes-sigs/controller-tools/releases/assets/413514957"

[tools.kube-controller-tools."platforms.macos-arm64"]
checksum = "sha256:13ac7abcd90dd2129da972024bea7da5be7df2c5404c8f715010490996f4ab43"
url = "https://github.com/kubernetes-sigs/controller-tools/releases/download/v0.21.0/controller-gen-darwin-arm64"
url_api = "https://api.github.com/repos/kubernetes-sigs/controller-tools/releases/assets/413514954"

[tools.kube-controller-tools."platforms.macos-x64"]
checksum = "sha256:96fc4e98d7144e37bae90b73631c9dad944ccfb69002fc7c9d1ab448babb207d"
url = "https://github.com/kubernetes-sigs/controller-tools/releases/download/v0.21.0/controller-gen-darwin-amd64"
url_api = "https://api.github.com/repos/kubernetes-sigs/controller-tools/releases/assets/413514958"

[tools.kube-controller-tools."platforms.windows-x64"]
checksum = "sha256:a49ec014273de590ea1d898179fe5c07876b4bdb84f6b9b3474fab6dc43c554a"
url = "https://github.com/kubernetes-sigs/controller-tools/releases/download/v0.21.0/controller-gen-windows-amd64.exe"
url_api = "https://api.github.com/repos/kubernetes-sigs/controller-tools/releases/assets/413514953"

[[tools.yamlfmt]]
version = "0.21.0"
backend = "aqua:google/yamlfmt"

[tools.yamlfmt."platforms.linux-arm64"]
checksum = "sha256:5b2689c963b177271330c5ce8ca7396751107e5a826be46f03d2cb9b6f0c7784"
url = "https://github.com/google/yamlfmt/releases/download/v0.21.0/yamlfmt_0.21.0_Linux_arm64.tar.gz"
url_api = "https://api.github.com/repos/google/yamlfmt/releases/assets/336650208"

[tools.yamlfmt."platforms.linux-arm64-musl"]
checksum = "sha256:5b2689c963b177271330c5ce8ca7396751107e5a826be46f03d2cb9b6f0c7784"
url = "https://github.com/google/yamlfmt/releases/download/v0.21.0/yamlfmt_0.21.0_Linux_arm64.tar.gz"
url_api = "https://api.github.com/repos/google/yamlfmt/releases/assets/336650208"

[tools.yamlfmt."platforms.linux-x64"]
checksum = "sha256:1f300d9257b232bb3b541d7fb1b0e6b3c121bcbab381c86cd38cb8722be8a566"
url = "https://github.com/google/yamlfmt/releases/download/v0.21.0/yamlfmt_0.21.0_Linux_x86_64.tar.gz"
url_api = "https://api.github.com/repos/google/yamlfmt/releases/assets/336650203"

[tools.yamlfmt."platforms.linux-x64-musl"]
checksum = "sha256:1f300d9257b232bb3b541d7fb1b0e6b3c121bcbab381c86cd38cb8722be8a566"
url = "https://github.com/google/yamlfmt/releases/download/v0.21.0/yamlfmt_0.21.0_Linux_x86_64.tar.gz"
url_api = "https://api.github.com/repos/google/yamlfmt/releases/assets/336650203"

[tools.yamlfmt."platforms.macos-arm64"]
checksum = "sha256:4b417ecb94339d57e4c122ecc948c1a00fe328b5853266de9806e652a92858fa"
url = "https://github.com/google/yamlfmt/releases/download/v0.21.0/yamlfmt_0.21.0_Darwin_arm64.tar.gz"
url_api = "https://api.github.com/repos/google/yamlfmt/releases/assets/336650209"

[tools.yamlfmt."platforms.macos-x64"]
checksum = "sha256:060e943bcb8583c456810eb1ff4721b4f46c4a0c1a4432449d5dc3bbfe29a22b"
url = "https://github.com/google/yamlfmt/releases/download/v0.21.0/yamlfmt_0.21.0_Darwin_x86_64.tar.gz"
url_api = "https://api.github.com/repos/google/yamlfmt/releases/assets/336650207"

[tools.yamlfmt."platforms.windows-x64"]
checksum = "sha256:07f80ce5d741eb4b0a9380ac78a19c7cb5bd44e2a9a47a5a04839e3ba54dd463"
url = "https://github.com/google/yamlfmt/releases/download/v0.21.0/yamlfmt_0.21.0_Windows_x86_64.tar.gz"
url_api = "https://api.github.com/repos/google/yamlfmt/releases/assets/336650206"

[[tools.yq]]
version = "4.53.6"
backend = "aqua:mikefarah/yq"

[tools.yq."platforms.linux-arm64"]
checksum = "sha256:88a1016bc1d657375a35864e4f44b6f333df8ff97b559f51bba0adcb2169df09"
url = "https://github.com/mikefarah/yq/releases/download/v4.53.6/yq_linux_arm64"
url_api = "https://api.github.com/repos/mikefarah/yq/releases/assets/522028007"
provenance = "cosign"

[tools.yq."platforms.linux-arm64-musl"]
checksum = "sha256:88a1016bc1d657375a35864e4f44b6f333df8ff97b559f51bba0adcb2169df09"
url = "https://github.com/mikefarah/yq/releases/download/v4.53.6/yq_linux_arm64"
url_api = "https://api.github.com/repos/mikefarah/yq/releases/assets/522028007"
provenance = "cosign"

[tools.yq."platforms.linux-x64"]
checksum = "sha256:c5f056448f973ae7d39b5401949648a78f2dc1947d6a8eb65be60d5c504b9385"
url = "https://github.com/mikefarah/yq/releases/download/v4.53.6/yq_linux_amd64"
url_api = "https://api.github.com/repos/mikefarah/yq/releases/assets/522028022"
provenance = "cosign"

[tools.yq."platforms.linux-x64-musl"]
checksum = "sha256:c5f056448f973ae7d39b5401949648a78f2dc1947d6a8eb65be60d5c504b9385"
url = "https://github.com/mikefarah/yq/releases/download/v4.53.6/yq_linux_amd64"
url_api = "https://api.github.com/repos/mikefarah/yq/releases/assets/522028022"
provenance = "cosign"

[tools.yq."platforms.macos-arm64"]
checksum = "sha256:cceb0b8d71ea5294334121f8429f33f92b920e7217d904a2f9f35443968ac424"
url = "https://github.com/mikefarah/yq/releases/download/v4.53.6/yq_darwin_arm64"
url_api = "https://api.github.com/repos/mikefarah/yq/releases/assets/522028033"
provenance = "cosign"

[tools.yq."platforms.macos-x64"]
checksum = "sha256:caa513cb04f3804b34d4752f0e0d7904fecb9e7cf1d34081289f83259319a7f6"
url = "https://github.com/mikefarah/yq/releases/download/v4.53.6/yq_darwin_amd64"
url_api = "https://api.github.com/repos/mikefarah/yq/releases/assets/522028031"
provenance = "cosign"

[tools.yq."platforms.windows-x64"]
checksum = "sha256:ece3dd8bb50d39f93610506273ea262feb91e5c486bbddbb10abf91b2a6c0f14"
url = "https://github.com/mikefarah/yq/releases/download/v4.53.6/yq_windows_amd64.exe"
url_api = "https://api.github.com/repos/mikefarah/yq/releases/assets/522027974"
provenance = "cosign"
